
Microsoft Visual Studio Solution File, Format Version 12.00
# Visual Studio 15
VisualStudioVersion = 15.0.27428.2037
MinimumVisualStudioVersion = 10.0.40219.1
Project("{FAE04EC0-301F-11D3-BF4B-00C04F79EFBC}") = "Periytyminen", "Periytyminen\Periytyminen.csproj", "{B0F8CC93-C764-475F-BC27-40B0340B7FE7}"
EndProject
Project("{FAE04EC0-301F-11D3-BF4B-00C04F79EFBC}") = "ElainLuokat", "..\Kissa\ElainLuokat\ElainLuokat.csproj", "{719A93DB-BBB2-473B-A350-7F7FF54E911A}"
EndProject
Global
	GlobalSection(SolutionConfigurationPlatforms) = preSolution
		Debug|Any CPU = Debug|Any CPU
		Release|Any CPU = Release|Any CPU
	EndGlobalSection
	GlobalSection(ProjectConfigurationPlatforms) = postSolution
		{B0F8CC93-C764-475F-BC27-40B0340B7FE7}.Debug|Any CPU.ActiveCfg = Debug|Any CPU
		{B0F8CC93-C764-475F-BC27-40B0340B7FE7}.Debug|Any CPU.Build.0 = Debug|Any CPU
		{B0F8CC93-C764-475F-BC27-40B0340B7FE7}.Release|Any CPU.ActiveCfg = Release|Any CPU
		{B0F8CC93-C764-475F-BC27-40B0340B7FE7}.Release|Any CPU.Build.0 = Release|Any CPU
		{719A93DB-BBB2-473B-A350-7F7FF54E911A}.Debug|Any CPU.ActiveCfg = Debug|Any CPU
		{719A93DB-BBB2-473B-A350-7F7FF54E911A}.Debug|Any CPU.Build.0 = Debug|Any CPU
		{719A93DB-BBB2-473B-A350-7F7FF54E911A}.Release|Any CPU.ActiveCfg = Release|Any CPU
		{719A93DB-BBB2-473B-A350-7F7FF54E911A}.Release|Any CPU.Build.0 = Release|Any CPU
	EndGlobalSection
	GlobalSection(SolutionProperties) = preSolution
		HideSolutionNode = FALSE
	EndGlobalSection
	GlobalSection(ExtensibilityGlobals) = postSolution
		SolutionGuid = {2224D738-BFBE-42CB-AB44-52DB8B4BC4E3}
	EndGlobalSection
EndGlobal
